
Microsoft Visual Studio Solution File, Format Version 12.00
# Visual Studio Version 17
VisualStudioVersion = 17.4.33403.182
MinimumVisualStudioVersion = 10.0.40219.1
Project("{2150E333-8FDC-42A3-9474-1A3956D46DE8}") = "src", "src", "{9023AD75-360E-427E-8FBF-F65E13BDB74A}"
EndProject
Project("{2150E333-8FDC-42A3-9474-1A3956D46DE8}") = "samples", "samples", "{B3D240FA-5747-4FDA-A134-A739DB9DA3F8}"
EndProject
Project("{2150E333-8FDC-42A3-9474-1A3956D46DE8}") = "docs", "docs", "{93596A95-C8A9-4170-A725-C4186617AC9A}"
	ProjectSection(SolutionItems) = preProject
		docs\Logo\Logo_ModelWrapper.jpg = docs\Logo\Logo_ModelWrapper.jpg
		docs\Logo\ModelWrapper.jpeg = docs\Logo\ModelWrapper.jpeg
	EndProjectSection
EndProject
Project("{9A19103F-16F7-4668-BE54-9A1E7A4F7556}") = "ModelWrapper", "src\ModelWrapper\ModelWrapper.csproj", "{7CD78BE2-6F96-4A59-B74B-6DCA24708DF1}"
EndProject
Project("{9A19103F-16F7-4668-BE54-9A1E7A4F7556}") = "BAYSOFT.Core.Application", "samples\BAYSOFT.Core.Application\BAYSOFT.Core.Application.csproj", "{9BF42D92-0200-4151-AD46-096E58584B92}"
EndProject
Project("{9A19103F-16F7-4668-BE54-9A1E7A4F7556}") = "BAYSOFT.Core.Domain", "samples\BAYSOFT.Core.Domain\BAYSOFT.Core.Domain.csproj", "{1F1585CE-4223-4434-83DF-4DDFA338E4A7}"
EndProject
Project("{9A19103F-16F7-4668-BE54-9A1E7A4F7556}") = "BAYSOFT.Infrastructures.Data", "samples\BAYSOFT.Infrastructures.Data\BAYSOFT.Infrastructures.Data.csproj", "{0941A515-A1E7-4FAD-83C3-5428DE96C9A2}"
EndProject
Project("{9A19103F-16F7-4668-BE54-9A1E7A4F7556}") = "BAYSOFT.Infrastructures.Services", "samples\BAYSOFT.Infrastructures.Services\BAYSOFT.Infrastructures.Services.csproj", "{B7B8F315-C161-4843-A1A1-FC2C1B6E35E9}"
EndProject
Project("{9A19103F-16F7-4668-BE54-9A1E7A4F7556}") = "BAYSOFT.Middleware", "samples\BAYSOFT.Middleware\BAYSOFT.Middleware.csproj", "{67C970B3-BC6D-48DE-91D3-A218DB62BED6}"
EndProject
Project("{9A19103F-16F7-4668-BE54-9A1E7A4F7556}") = "BAYSOFT.Presentations.WebAPI", "samples\BAYSOFT.Presentations.WebAPI\BAYSOFT.Presentations.WebAPI.csproj", "{32E66653-9054-4887-A43A-10FBE330110B}"
EndProject
Project("{9A19103F-16F7-4668-BE54-9A1E7A4F7556}") = "BAYSOFT.Tests", "samples\BAYSOFT.Tests\BAYSOFT.Tests.csproj", "{53A01F28-F785-491C-8A9B-3FBA8D13BAE2}"
EndProject
Project("{2150E333-8FDC-42A3-9474-1A3956D46DE8}") = "cqrsfapi", "cqrsfapi", "{995D43CA-98C1-4877-A13F-188E4F7F73FE}"
EndProject
Project("{9A19103F-16F7-4668-BE54-9A1E7A4F7556}") = "BAYSOFT.Abstractions", "samples\BAYSOFT.Abstractions\BAYSOFT.Abstractions.csproj", "{43314579-FB9A-4C27-ABD1-03E5B31BCF94}"
EndProject
Global
	GlobalSection(SolutionConfigurationPlatforms) = preSolution
		Debug|Any CPU = Debug|Any CPU
		Release|Any CPU = Release|Any CPU
	EndGlobalSection
	GlobalSection(ProjectConfigurationPlatforms) = postSolution
		{7CD78BE2-6F96-4A59-B74B-6DCA24708DF1}.Debug|Any CPU.ActiveCfg = Debug|Any CPU
		{7CD78BE2-6F96-4A59-B74B-6DCA24708DF1}.Debug|Any CPU.Build.0 = Debug|Any CPU
		{7CD78BE2-6F96-4A59-B74B-6DCA24708DF1}.Release|Any CPU.ActiveCfg = Release|Any CPU
		{7CD78BE2-6F96-4A59-B74B-6DCA24708DF1}.Release|Any CPU.Build.0 = Release|Any CPU
		{9BF42D92-0200-4151-AD46-096E58584B92}.Debug|Any CPU.ActiveCfg = Debug|Any CPU
		{9BF42D92-0200-4151-AD46-096E58584B92}.Debug|Any CPU.Build.0 = Debug|Any CPU
		{9BF42D92-0200-4151-AD46-096E58584B92}.Release|Any CPU.ActiveCfg = Release|Any CPU
		{9BF42D92-0200-4151-AD46-096E58584B92}.Release|Any CPU.Build.0 = Release|Any CPU
		{1F1585CE-4223-4434-83DF-4DDFA338E4A7}.Debug|Any CPU.ActiveCfg = Debug|Any CPU
		{1F1585CE-4223-4434-83DF-4DDFA338E4A7}.Debug|Any CPU.Build.0 = Debug|Any CPU
		{1F1585CE-4223-4434-83DF-4DDFA338E4A7}.Release|Any CPU.ActiveCfg = Release|Any CPU
		{1F1585CE-4223-4434-83DF-4DDFA338E4A7}.Release|Any CPU.Build.0 = Release|Any CPU
		{0941A515-A1E7-4FAD-83C3-5428DE96C9A2}.Debug|Any CPU.ActiveCfg = Debug|Any CPU
		{0941A515-A1E7-4FAD-83C3-5428DE96C9A2}.Debug|Any CPU.Build.0 = Debug|Any CPU
		{0941A515-A1E7-4FAD-83C3-5428DE96C9A2}.Release|Any CPU.ActiveCfg = Release|Any CPU
		{0941A515-A1E7-4FAD-83C3-5428DE96C9A2}.Release|Any CPU.Build.0 = Release|Any CPU
		{B7B8F315-C161-4843-A1A1-FC2C1B6E35E9}.Debug|Any CPU.ActiveCfg = Debug|Any CPU
		{B7B8F315-C161-4843-A1A1-FC2C1B6E35E9}.Debug|Any CPU.Build.0 = Debug|Any CPU
		{B7B8F315-C161-4843-A1A1-FC2C1B6E35E9}.Release|Any CPU.ActiveCfg = Release|Any CPU
		{B7B8F315-C161-4843-A1A1-FC2C1B6E35E9}.Release|Any CPU.Build.0 = Release|Any CPU
		{67C970B3-BC6D-48DE-91D3-A218DB62BED6}.Debug|Any CPU.ActiveCfg = Debug|Any CPU
		{67C970B3-BC6D-48DE-91D3-A218DB62BED6}.Debug|Any CPU.Build.0 = Debug|Any CPU
		{67C970B3-BC6D-48DE-91D3-A218DB62BED6}.Release|Any CPU.ActiveCfg = Release|Any CPU
		{67C970B3-BC6D-48DE-91D3-A218DB62BED6}.Release|Any CPU.Build.0 = Release|Any CPU
		{32E66653-9054-4887-A43A-10FBE330110B}.Debug|Any CPU.ActiveCfg = Debug|Any CPU
		{32E66653-9054-4887-A43A-10FBE330110B}.Debug|Any CPU.Build.0 = Debug|Any CPU
		{32E66653-9054-4887-A43A-10FBE330110B}.Release|Any CPU.ActiveCfg = Release|Any CPU
		{32E66653-9054-4887-A43A-10FBE330110B}.Release|Any CPU.Build.0 = Release|Any CPU
		{53A01F28-F785-491C-8A9B-3FBA8D13BAE2}.Debug|Any CPU.ActiveCfg = Debug|Any CPU
		{53A01F28-F785-491C-8A9B-3FBA8D13BAE2}.Debug|Any CPU.Build.0 = Debug|Any CPU
		{53A01F28-F785-491C-8A9B-3FBA8D13BAE2}.Release|Any CPU.ActiveCfg = Release|Any CPU
		{53A01F28-F785-491C-8A9B-3FBA8D13BAE2}.Release|Any CPU.Build.0 = Release|Any CPU
		{43314579-FB9A-4C27-ABD1-03E5B31BCF94}.Debug|Any CPU.ActiveCfg = Debug|Any CPU
		{43314579-FB9A-4C27-ABD1-03E5B31BCF94}.Debug|Any CPU.Build.0 = Debug|Any CPU
		{43314579-FB9A-4C27-ABD1-03E5B31BCF94}.Release|Any CPU.ActiveCfg = Release|Any CPU
		{43314579-FB9A-4C27-ABD1-03E5B31BCF94}.Release|Any CPU.Build.0 = Release|Any CPU
	EndGlobalSection
	GlobalSection(SolutionProperties) = preSolution
		HideSolutionNode = FALSE
	EndGlobalSection
	GlobalSection(NestedProjects) = preSolution
		{7CD78BE2-6F96-4A59-B74B-6DCA24708DF1} = {9023AD75-360E-427E-8FBF-F65E13BDB74A}
		{9BF42D92-0200-4151-AD46-096E58584B92} = {995D43CA-98C1-4877-A13F-188E4F7F73FE}
		{1F1585CE-4223-4434-83DF-4DDFA338E4A7} = {995D43CA-98C1-4877-A13F-188E4F7F73FE}
		{0941A515-A1E7-4FAD-83C3-5428DE96C9A2} = {995D43CA-98C1-4877-A13F-188E4F7F73FE}
		{B7B8F315-C161-4843-A1A1-FC2C1B6E35E9} = {995D43CA-98C1-4877-A13F-188E4F7F73FE}
		{67C970B3-BC6D-48DE-91D3-A218DB62BED6} = {995D43CA-98C1-4877-A13F-188E4F7F73FE}
		{32E66653-9054-4887-A43A-10FBE330110B} = {995D43CA-98C1-4877-A13F-188E4F7F73FE}
		{53A01F28-F785-491C-8A9B-3FBA8D13BAE2} = {995D43CA-98C1-4877-A13F-188E4F7F73FE}
		{995D43CA-98C1-4877-A13F-188E4F7F73FE} = {B3D240FA-5747-4FDA-A134-A739DB9DA3F8}
		{43314579-FB9A-4C27-ABD1-03E5B31BCF94} = {B3D240FA-5747-4FDA-A134-A739DB9DA3F8}
	EndGlobalSection
	GlobalSection(ExtensibilityGlobals) = postSolution
		SolutionGuid = {8F54542B-AD4C-4A99-9A8C-714D53BC949D}
	EndGlobalSection
EndGlobal
