
Microsoft Visual Studio Solution File, Format Version 12.00
# Visual Studio Version 16
VisualStudioVersion = 16.0.29201.188
MinimumVisualStudioVersion = 10.0.40219.1
Project("{2150E333-8FDC-42A3-9474-1A3956D46DE8}") = "src", "src", "{9023AD75-360E-427E-8FBF-F65E13BDB74A}"
EndProject
Project("{2150E333-8FDC-42A3-9474-1A3956D46DE8}") = "samples", "samples", "{B3D240FA-5747-4FDA-A134-A739DB9DA3F8}"
EndProject
Project("{2150E333-8FDC-42A3-9474-1A3956D46DE8}") = "Store", "Store", "{B39353F2-1EE0-4588-A5D3-BFB5E4BCB656}"
EndProject
Project("{2150E333-8FDC-42A3-9474-1A3956D46DE8}") = "Core", "Core", "{5B3F985D-FD20-45B7-8F9E-BC5C593DEF35}"
EndProject
Project("{2150E333-8FDC-42A3-9474-1A3956D46DE8}") = "Middleware", "Middleware", "{436B5B74-7FD8-4B4B-B9D2-2E9A6DB1E292}"
EndProject
Project("{2150E333-8FDC-42A3-9474-1A3956D46DE8}") = "Presentations", "Presentations", "{5B9CF2E6-F5F9-473B-B8F1-D13ABC95658D}"
EndProject
Project("{2150E333-8FDC-42A3-9474-1A3956D46DE8}") = "docs", "docs", "{93596A95-C8A9-4170-A725-C4186617AC9A}"
	ProjectSection(SolutionItems) = preProject
		docs\Logo\Logo_ModelWrapper.jpg = docs\Logo\Logo_ModelWrapper.jpg
		docs\Logo\ModelWrapper.jpeg = docs\Logo\ModelWrapper.jpeg
	EndProjectSection
EndProject
Project("{9A19103F-16F7-4668-BE54-9A1E7A4F7556}") = "ModelWrapper", "src\ModelWrapper\ModelWrapper.csproj", "{7CD78BE2-6F96-4A59-B74B-6DCA24708DF1}"
EndProject
Project("{9A19103F-16F7-4668-BE54-9A1E7A4F7556}") = "Store.Core.Application", "samples\Store\Store.Core.Application\Store.Core.Application.csproj", "{82331EFB-728D-4E06-9F7F-B416B90C1E5B}"
EndProject
Project("{9A19103F-16F7-4668-BE54-9A1E7A4F7556}") = "Store.Core.Domain", "samples\Store\Store.Core.Domain\Store.Core.Domain.csproj", "{4AD64A52-5C8B-4A57-A2EB-05E1650F847A}"
EndProject
Project("{9A19103F-16F7-4668-BE54-9A1E7A4F7556}") = "Store.Core.Domain.Entities", "samples\Store\Store.Core.Domain.Entities\Store.Core.Domain.Entities.csproj", "{E83FE7CA-74CE-44D3-9710-E9AFDD6519D5}"
EndProject
Project("{9A19103F-16F7-4668-BE54-9A1E7A4F7556}") = "Store.Core.Domain.Services", "samples\Store\Store.Core.Domain.Services\Store.Core.Domain.Services.csproj", "{D4CBC831-6AAA-4562-8F64-1998042D2DF1}"
EndProject
Project("{9A19103F-16F7-4668-BE54-9A1E7A4F7556}") = "Store.Core.Domain.Services.Tests", "samples\Store\Store.Core.Domain.Services.Tests\Store.Core.Domain.Services.Tests.csproj", "{B178840B-E4C3-42B3-9D75-52BF6FF70E3B}"
EndProject
Project("{9A19103F-16F7-4668-BE54-9A1E7A4F7556}") = "Store.Core.Domain.Validations", "samples\Store\Store.Core.Domain.Validations\Store.Core.Domain.Validations.csproj", "{2F4B46D4-516D-476B-9216-90605D39AC9D}"
EndProject
Project("{2150E333-8FDC-42A3-9474-1A3956D46DE8}") = "Infrastructures", "Infrastructures", "{BB507F60-8472-4CCC-8C65-A1ED17B7F5C7}"
EndProject
Project("{9A19103F-16F7-4668-BE54-9A1E7A4F7556}") = "Store.Infrastructures.Data", "samples\Store\Store.Infrastructures.Data\Store.Infrastructures.Data.csproj", "{F3A0E58C-CBE2-4C55-BB54-48E9A8007325}"
EndProject
Project("{9A19103F-16F7-4668-BE54-9A1E7A4F7556}") = "Store.Infrastructures.Services", "samples\Store\Store.Infrastructures.Services\Store.Infrastructures.Services.csproj", "{226B456A-6D2F-44B0-9B58-7479A2D1158A}"
EndProject
Project("{9A19103F-16F7-4668-BE54-9A1E7A4F7556}") = "Store.Middleware", "samples\Store\Store.Middleware\Store.Middleware.csproj", "{11825DF9-A970-407E-AE91-1E3A6A34AC56}"
EndProject
Project("{9A19103F-16F7-4668-BE54-9A1E7A4F7556}") = "Store.Presentations.WebAPI", "samples\Store\Store.Presentations.WebAPI\Store.Presentations.WebAPI.csproj", "{9A28F518-32FB-444E-B094-2E31FD5C3EB2}"
EndProject
Project("{2150E333-8FDC-42A3-9474-1A3956D46DE8}") = "Application", "Application", "{DFB20F5D-EF6E-4684-A697-000B6C3F9679}"
EndProject
Project("{2150E333-8FDC-42A3-9474-1A3956D46DE8}") = "Domain", "Domain", "{2140D826-2D88-433B-9F29-7BB5633E6610}"
EndProject
Global
	GlobalSection(SolutionConfigurationPlatforms) = preSolution
		Debug|Any CPU = Debug|Any CPU
		Release|Any CPU = Release|Any CPU
	EndGlobalSection
	GlobalSection(ProjectConfigurationPlatforms) = postSolution
		{7CD78BE2-6F96-4A59-B74B-6DCA24708DF1}.Debug|Any CPU.ActiveCfg = Debug|Any CPU
		{7CD78BE2-6F96-4A59-B74B-6DCA24708DF1}.Debug|Any CPU.Build.0 = Debug|Any CPU
		{7CD78BE2-6F96-4A59-B74B-6DCA24708DF1}.Release|Any CPU.ActiveCfg = Release|Any CPU
		{7CD78BE2-6F96-4A59-B74B-6DCA24708DF1}.Release|Any CPU.Build.0 = Release|Any CPU
		{82331EFB-728D-4E06-9F7F-B416B90C1E5B}.Debug|Any CPU.ActiveCfg = Debug|Any CPU
		{82331EFB-728D-4E06-9F7F-B416B90C1E5B}.Debug|Any CPU.Build.0 = Debug|Any CPU
		{82331EFB-728D-4E06-9F7F-B416B90C1E5B}.Release|Any CPU.ActiveCfg = Release|Any CPU
		{82331EFB-728D-4E06-9F7F-B416B90C1E5B}.Release|Any CPU.Build.0 = Release|Any CPU
		{4AD64A52-5C8B-4A57-A2EB-05E1650F847A}.Debug|Any CPU.ActiveCfg = Debug|Any CPU
		{4AD64A52-5C8B-4A57-A2EB-05E1650F847A}.Debug|Any CPU.Build.0 = Debug|Any CPU
		{4AD64A52-5C8B-4A57-A2EB-05E1650F847A}.Release|Any CPU.ActiveCfg = Release|Any CPU
		{4AD64A52-5C8B-4A57-A2EB-05E1650F847A}.Release|Any CPU.Build.0 = Release|Any CPU
		{E83FE7CA-74CE-44D3-9710-E9AFDD6519D5}.Debug|Any CPU.ActiveCfg = Debug|Any CPU
		{E83FE7CA-74CE-44D3-9710-E9AFDD6519D5}.Debug|Any CPU.Build.0 = Debug|Any CPU
		{E83FE7CA-74CE-44D3-9710-E9AFDD6519D5}.Release|Any CPU.ActiveCfg = Release|Any CPU
		{E83FE7CA-74CE-44D3-9710-E9AFDD6519D5}.Release|Any CPU.Build.0 = Release|Any CPU
		{D4CBC831-6AAA-4562-8F64-1998042D2DF1}.Debug|Any CPU.ActiveCfg = Debug|Any CPU
		{D4CBC831-6AAA-4562-8F64-1998042D2DF1}.Debug|Any CPU.Build.0 = Debug|Any CPU
		{D4CBC831-6AAA-4562-8F64-1998042D2DF1}.Release|Any CPU.ActiveCfg = Release|Any CPU
		{D4CBC831-6AAA-4562-8F64-1998042D2DF1}.Release|Any CPU.Build.0 = Release|Any CPU
		{B178840B-E4C3-42B3-9D75-52BF6FF70E3B}.Debug|Any CPU.ActiveCfg = Debug|Any CPU
		{B178840B-E4C3-42B3-9D75-52BF6FF70E3B}.Debug|Any CPU.Build.0 = Debug|Any CPU
		{B178840B-E4C3-42B3-9D75-52BF6FF70E3B}.Release|Any CPU.ActiveCfg = Release|Any CPU
		{B178840B-E4C3-42B3-9D75-52BF6FF70E3B}.Release|Any CPU.Build.0 = Release|Any CPU
		{2F4B46D4-516D-476B-9216-90605D39AC9D}.Debug|Any CPU.ActiveCfg = Debug|Any CPU
		{2F4B46D4-516D-476B-9216-90605D39AC9D}.Debug|Any CPU.Build.0 = Debug|Any CPU
		{2F4B46D4-516D-476B-9216-90605D39AC9D}.Release|Any CPU.ActiveCfg = Release|Any CPU
		{2F4B46D4-516D-476B-9216-90605D39AC9D}.Release|Any CPU.Build.0 = Release|Any CPU
		{F3A0E58C-CBE2-4C55-BB54-48E9A8007325}.Debug|Any CPU.ActiveCfg = Debug|Any CPU
		{F3A0E58C-CBE2-4C55-BB54-48E9A8007325}.Debug|Any CPU.Build.0 = Debug|Any CPU
		{F3A0E58C-CBE2-4C55-BB54-48E9A8007325}.Release|Any CPU.ActiveCfg = Release|Any CPU
		{F3A0E58C-CBE2-4C55-BB54-48E9A8007325}.Release|Any CPU.Build.0 = Release|Any CPU
		{226B456A-6D2F-44B0-9B58-7479A2D1158A}.Debug|Any CPU.ActiveCfg = Debug|Any CPU
		{226B456A-6D2F-44B0-9B58-7479A2D1158A}.Debug|Any CPU.Build.0 = Debug|Any CPU
		{226B456A-6D2F-44B0-9B58-7479A2D1158A}.Release|Any CPU.ActiveCfg = Release|Any CPU
		{226B456A-6D2F-44B0-9B58-7479A2D1158A}.Release|Any CPU.Build.0 = Release|Any CPU
		{11825DF9-A970-407E-AE91-1E3A6A34AC56}.Debug|Any CPU.ActiveCfg = Debug|Any CPU
		{11825DF9-A970-407E-AE91-1E3A6A34AC56}.Debug|Any CPU.Build.0 = Debug|Any CPU
		{11825DF9-A970-407E-AE91-1E3A6A34AC56}.Release|Any CPU.ActiveCfg = Release|Any CPU
		{11825DF9-A970-407E-AE91-1E3A6A34AC56}.Release|Any CPU.Build.0 = Release|Any CPU
		{9A28F518-32FB-444E-B094-2E31FD5C3EB2}.Debug|Any CPU.ActiveCfg = Debug|Any CPU
		{9A28F518-32FB-444E-B094-2E31FD5C3EB2}.Debug|Any CPU.Build.0 = Debug|Any CPU
		{9A28F518-32FB-444E-B094-2E31FD5C3EB2}.Release|Any CPU.ActiveCfg = Release|Any CPU
		{9A28F518-32FB-444E-B094-2E31FD5C3EB2}.Release|Any CPU.Build.0 = Release|Any CPU
	EndGlobalSection
	GlobalSection(SolutionProperties) = preSolution
		HideSolutionNode = FALSE
	EndGlobalSection
	GlobalSection(NestedProjects) = preSolution
		{B39353F2-1EE0-4588-A5D3-BFB5E4BCB656} = {B3D240FA-5747-4FDA-A134-A739DB9DA3F8}
		{5B3F985D-FD20-45B7-8F9E-BC5C593DEF35} = {B39353F2-1EE0-4588-A5D3-BFB5E4BCB656}
		{436B5B74-7FD8-4B4B-B9D2-2E9A6DB1E292} = {B39353F2-1EE0-4588-A5D3-BFB5E4BCB656}
		{5B9CF2E6-F5F9-473B-B8F1-D13ABC95658D} = {B39353F2-1EE0-4588-A5D3-BFB5E4BCB656}
		{7CD78BE2-6F96-4A59-B74B-6DCA24708DF1} = {9023AD75-360E-427E-8FBF-F65E13BDB74A}
		{82331EFB-728D-4E06-9F7F-B416B90C1E5B} = {DFB20F5D-EF6E-4684-A697-000B6C3F9679}
		{4AD64A52-5C8B-4A57-A2EB-05E1650F847A} = {2140D826-2D88-433B-9F29-7BB5633E6610}
		{E83FE7CA-74CE-44D3-9710-E9AFDD6519D5} = {2140D826-2D88-433B-9F29-7BB5633E6610}
		{D4CBC831-6AAA-4562-8F64-1998042D2DF1} = {2140D826-2D88-433B-9F29-7BB5633E6610}
		{B178840B-E4C3-42B3-9D75-52BF6FF70E3B} = {2140D826-2D88-433B-9F29-7BB5633E6610}
		{2F4B46D4-516D-476B-9216-90605D39AC9D} = {2140D826-2D88-433B-9F29-7BB5633E6610}
		{BB507F60-8472-4CCC-8C65-A1ED17B7F5C7} = {B39353F2-1EE0-4588-A5D3-BFB5E4BCB656}
		{F3A0E58C-CBE2-4C55-BB54-48E9A8007325} = {BB507F60-8472-4CCC-8C65-A1ED17B7F5C7}
		{226B456A-6D2F-44B0-9B58-7479A2D1158A} = {BB507F60-8472-4CCC-8C65-A1ED17B7F5C7}
		{11825DF9-A970-407E-AE91-1E3A6A34AC56} = {436B5B74-7FD8-4B4B-B9D2-2E9A6DB1E292}
		{9A28F518-32FB-444E-B094-2E31FD5C3EB2} = {5B9CF2E6-F5F9-473B-B8F1-D13ABC95658D}
		{DFB20F5D-EF6E-4684-A697-000B6C3F9679} = {5B3F985D-FD20-45B7-8F9E-BC5C593DEF35}
		{2140D826-2D88-433B-9F29-7BB5633E6610} = {5B3F985D-FD20-45B7-8F9E-BC5C593DEF35}
	EndGlobalSection
	GlobalSection(ExtensibilityGlobals) = postSolution
		SolutionGuid = {8F54542B-AD4C-4A99-9A8C-714D53BC949D}
	EndGlobalSection
EndGlobal
